<?xml version="1.0" encoding="utf-8"?>
<Project ToolsVersion="17.0" xmlns="http://schemas.microsoft.com/developer/msbuild/2003">
  <ItemGroup>
    <CustomBuild Include="C:\Users\Hussain\OneDrive\Desktop\AllayBE\CMakeFiles\85c1424c8815a88316550b851c65736b\INSTALL_force.rule">
      <Filter>CMake Rules</Filter>
    </CustomBuild>
  </ItemGroup>
  <ItemGroup>
    <Filter Include="CMake Rules">
      <UniqueIdentifier>{07AEE6B1-FEE2-37A1-AB8D-6CC4849A3B14}</UniqueIdentifier>
    </Filter>
  </ItemGroup>
</Project>
